
Microsoft Visual Studio Solution File, Format Version 12.00
# Visual Studio Version 17
VisualStudioVersion = 17.10.35122.118
MinimumVisualStudioVersion = 10.0.40219.1
Project("{FAE04EC0-301F-11D3-BF4B-00C04F79EFBC}") = "Quanlyphongkham", "Quanlyphongkham\Quanlyphongkham.csproj", "{A3FCD8CC-B0C0-4B87-9050-DFB3C7089623}"
EndProject
Global
	GlobalSection(SolutionConfigurationPlatforms) = preSolution
		Debug|Any CPU = Debug|Any CPU
		Release|Any CPU = Release|Any CPU
	EndGlobalSection
	GlobalSection(ProjectConfigurationPlatforms) = postSolution
		{A3FCD8CC-B0C0-4B87-9050-DFB3C7089623}.Debug|Any CPU.ActiveCfg = Debug|Any CPU
		{A3FCD8CC-B0C0-4B87-9050-DFB3C7089623}.Debug|Any CPU.Build.0 = Debug|Any CPU
		{A3FCD8CC-B0C0-4B87-9050-DFB3C7089623}.Release|Any CPU.ActiveCfg = Release|Any CPU
		{A3FCD8CC-B0C0-4B87-9050-DFB3C7089623}.Release|Any CPU.Build.0 = Release|Any CPU
	EndGlobalSection
	GlobalSection(SolutionProperties) = preSolution
		HideSolutionNode = FALSE
	EndGlobalSection
	GlobalSection(ExtensibilityGlobals) = postSolution
		SolutionGuid = {DFE582B4-597E-484F-B717-2B328A379C26}
	EndGlobalSection
EndGlobal
